
Microsoft Visual Studio Solution File, Format Version 12.00
# Visual Studio Version 16
VisualStudioVersion = 16.0.29905.134
MinimumVisualStudioVersion = 10.0.40219.1
Project("{9A19103F-16F7-4668-BE54-9A1E7A4F7556}") = "YuutaBot", "YuutaBot\YuutaBot.csproj", "{18C5C19F-246E-4278-A366-C7FDECC913CA}"
EndProject
Project("{9A19103F-16F7-4668-BE54-9A1E7A4F7556}") = "Commands", "Commands\Commands.csproj", "{03F38E76-66CB-485B-8762-964C0884BAD4}"
EndProject
Project("{9A19103F-16F7-4668-BE54-9A1E7A4F7556}") = "Generatsuru", "Generatsuru\Generatsuru.csproj", "{E457D1F1-236C-4EA3-BEE7-FE76E87B62E6}"
EndProject
Project("{9A19103F-16F7-4668-BE54-9A1E7A4F7556}") = "DiscordAccessLayer", "DiscordAccessLayer\DiscordAccessLayer.csproj", "{68B4849E-D225-47F1-8C72-39EE3BC3A7D3}"
EndProject
Project("{9A19103F-16F7-4668-BE54-9A1E7A4F7556}") = "Data", "Data\Data.csproj", "{8A6B1A5C-3CFA-47B3-8FC0-8E35F90F62BE}"
EndProject
Project("{9A19103F-16F7-4668-BE54-9A1E7A4F7556}") = "InteractivityHelpers", "InteractivityHelpers\InteractivityHelpers.csproj", "{7BDC836F-7829-4879-AB13-859C3610D27F}"
EndProject
Project("{FAE04EC0-301F-11D3-BF4B-00C04F79EFBC}") = "Globals", "Globals\Globals.csproj", "{D2D6F795-476A-43E6-BA4F-696BB57C6C35}"
EndProject
Global
	GlobalSection(SolutionConfigurationPlatforms) = preSolution
		Debug|Any CPU = Debug|Any CPU
		Release|Any CPU = Release|Any CPU
	EndGlobalSection
	GlobalSection(ProjectConfigurationPlatforms) = postSolution
		{18C5C19F-246E-4278-A366-C7FDECC913CA}.Debug|Any CPU.ActiveCfg = Debug|Any CPU
		{18C5C19F-246E-4278-A366-C7FDECC913CA}.Debug|Any CPU.Build.0 = Debug|Any CPU
		{18C5C19F-246E-4278-A366-C7FDECC913CA}.Release|Any CPU.ActiveCfg = Release|Any CPU
		{18C5C19F-246E-4278-A366-C7FDECC913CA}.Release|Any CPU.Build.0 = Release|Any CPU
		{03F38E76-66CB-485B-8762-964C0884BAD4}.Debug|Any CPU.ActiveCfg = Debug|Any CPU
		{03F38E76-66CB-485B-8762-964C0884BAD4}.Debug|Any CPU.Build.0 = Debug|Any CPU
		{03F38E76-66CB-485B-8762-964C0884BAD4}.Release|Any CPU.ActiveCfg = Release|Any CPU
		{03F38E76-66CB-485B-8762-964C0884BAD4}.Release|Any CPU.Build.0 = Release|Any CPU
		{E457D1F1-236C-4EA3-BEE7-FE76E87B62E6}.Debug|Any CPU.ActiveCfg = Debug|Any CPU
		{E457D1F1-236C-4EA3-BEE7-FE76E87B62E6}.Debug|Any CPU.Build.0 = Debug|Any CPU
		{E457D1F1-236C-4EA3-BEE7-FE76E87B62E6}.Release|Any CPU.ActiveCfg = Release|Any CPU
		{E457D1F1-236C-4EA3-BEE7-FE76E87B62E6}.Release|Any CPU.Build.0 = Release|Any CPU
		{68B4849E-D225-47F1-8C72-39EE3BC3A7D3}.Debug|Any CPU.ActiveCfg = Debug|Any CPU
		{68B4849E-D225-47F1-8C72-39EE3BC3A7D3}.Debug|Any CPU.Build.0 = Debug|Any CPU
		{68B4849E-D225-47F1-8C72-39EE3BC3A7D3}.Release|Any CPU.ActiveCfg = Release|Any CPU
		{68B4849E-D225-47F1-8C72-39EE3BC3A7D3}.Release|Any CPU.Build.0 = Release|Any CPU
		{8A6B1A5C-3CFA-47B3-8FC0-8E35F90F62BE}.Debug|Any CPU.ActiveCfg = Debug|Any CPU
		{8A6B1A5C-3CFA-47B3-8FC0-8E35F90F62BE}.Debug|Any CPU.Build.0 = Debug|Any CPU
		{8A6B1A5C-3CFA-47B3-8FC0-8E35F90F62BE}.Release|Any CPU.ActiveCfg = Release|Any CPU
		{8A6B1A5C-3CFA-47B3-8FC0-8E35F90F62BE}.Release|Any CPU.Build.0 = Release|Any CPU
		{7BDC836F-7829-4879-AB13-859C3610D27F}.Debug|Any CPU.ActiveCfg = Debug|Any CPU
		{7BDC836F-7829-4879-AB13-859C3610D27F}.Debug|Any CPU.Build.0 = Debug|Any CPU
		{7BDC836F-7829-4879-AB13-859C3610D27F}.Release|Any CPU.ActiveCfg = Release|Any CPU
		{7BDC836F-7829-4879-AB13-859C3610D27F}.Release|Any CPU.Build.0 = Release|Any CPU
		{D2D6F795-476A-43E6-BA4F-696BB57C6C35}.Debug|Any CPU.ActiveCfg = Debug|Any CPU
		{D2D6F795-476A-43E6-BA4F-696BB57C6C35}.Debug|Any CPU.Build.0 = Debug|Any CPU
		{D2D6F795-476A-43E6-BA4F-696BB57C6C35}.Release|Any CPU.ActiveCfg = Release|Any CPU
		{D2D6F795-476A-43E6-BA4F-696BB57C6C35}.Release|Any CPU.Build.0 = Release|Any CPU
	EndGlobalSection
	GlobalSection(SolutionProperties) = preSolution
		HideSolutionNode = FALSE
	EndGlobalSection
	GlobalSection(ExtensibilityGlobals) = postSolution
		SolutionGuid = {12743B44-551D-4EAB-91A9-E5FC51C4053C}
	EndGlobalSection
EndGlobal
